
Microsoft Visual Studio Solution File, Format Version 12.00
# Visual Studio Version 17
VisualStudioVersion = 17.14.36603.0 d17.14
MinimumVisualStudioVersion = 10.0.40219.1
Project("{FAE04EC0-301F-11D3-BF4B-00C04F79EFBC}") = "PayloadParserAPI", "PayloadParserAPI\PayloadParserAPI.csproj", "{B649721E-26A4-4424-B26E-30912BE72D79}"
EndProject
Global
	GlobalSection(SolutionConfigurationPlatforms) = preSolution
		Debug|Any CPU = Debug|Any CPU
		Release|Any CPU = Release|Any CPU
	EndGlobalSection
	GlobalSection(ProjectConfigurationPlatforms) = postSolution
		{B649721E-26A4-4424-B26E-30912BE72D79}.Debug|Any CPU.ActiveCfg = Debug|Any CPU
		{B649721E-26A4-4424-B26E-30912BE72D79}.Debug|Any CPU.Build.0 = Debug|Any CPU
		{B649721E-26A4-4424-B26E-30912BE72D79}.Release|Any CPU.ActiveCfg = Release|Any CPU
		{B649721E-26A4-4424-B26E-30912BE72D79}.Release|Any CPU.Build.0 = Release|Any CPU
	EndGlobalSection
	GlobalSection(SolutionProperties) = preSolution
		HideSolutionNode = FALSE
	EndGlobalSection
	GlobalSection(ExtensibilityGlobals) = postSolution
		SolutionGuid = {BC413DE1-98ED-48B5-8166-8C2BCCA31B20}
	EndGlobalSection
EndGlobal
